
Microsoft Visual Studio Solution File, Format Version 12.00
# Visual Studio Version 17
VisualStudioVersion = 17.4.33403.182
MinimumVisualStudioVersion = 10.0.40219.1
Project("{8BC9CEB8-8B4A-11D0-8D11-00A0C91BC942}") = "Project3", "Project3\Project3.vcxproj", "{A3313416-0163-4BC4-8FED-43BFD29255AD}"
EndProject
Global
	GlobalSection(SolutionConfigurationPlatforms) = preSolution
		Debug|x64 = Debug|x64
		Debug|x86 = Debug|x86
		Release|x64 = Release|x64
		Release|x86 = Release|x86
	EndGlobalSection
	GlobalSection(ProjectConfigurationPlatforms) = postSolution
		{A3313416-0163-4BC4-8FED-43BFD29255AD}.Debug|x64.ActiveCfg = Debug|x64
		{A3313416-0163-4BC4-8FED-43BFD29255AD}.Debug|x64.Build.0 = Debug|x64
		{A3313416-0163-4BC4-8FED-43BFD29255AD}.Debug|x86.ActiveCfg = Debug|Win32
		{A3313416-0163-4BC4-8FED-43BFD29255AD}.Debug|x86.Build.0 = Debug|Win32
		{A3313416-0163-4BC4-8FED-43BFD29255AD}.Release|x64.ActiveCfg = Release|x64
		{A3313416-0163-4BC4-8FED-43BFD29255AD}.Release|x64.Build.0 = Release|x64
		{A3313416-0163-4BC4-8FED-43BFD29255AD}.Release|x86.ActiveCfg = Release|Win32
		{A3313416-0163-4BC4-8FED-43BFD29255AD}.Release|x86.Build.0 = Release|Win32
	EndGlobalSection
	GlobalSection(SolutionProperties) = preSolution
		HideSolutionNode = FALSE
	EndGlobalSection
	GlobalSection(ExtensibilityGlobals) = postSolution
		SolutionGuid = {C9A4E4D3-4B8F-49B6-8DDE-B830E0656118}
	EndGlobalSection
EndGlobal
