
Microsoft Visual Studio Solution File, Format Version 12.00
# Visual Studio Version 17
VisualStudioVersion = 17.4.33403.182
MinimumVisualStudioVersion = 10.0.40219.1
Project("{8BC9CEB8-8B4A-11D0-8D11-00A0C91BC942}") = "Project2", "Project2\Project2.vcxproj", "{DCDA7669-B15F-43C4-9C77-1679BD8143D5}"
EndProject
Global
	GlobalSection(SolutionConfigurationPlatforms) = preSolution
		Debug|x64 = Debug|x64
		Debug|x86 = Debug|x86
		Release|x64 = Release|x64
		Release|x86 = Release|x86
	EndGlobalSection
	GlobalSection(ProjectConfigurationPlatforms) = postSolution
		{DCDA7669-B15F-43C4-9C77-1679BD8143D5}.Debug|x64.ActiveCfg = Debug|x64
		{DCDA7669-B15F-43C4-9C77-1679BD8143D5}.Debug|x64.Build.0 = Debug|x64
		{DCDA7669-B15F-43C4-9C77-1679BD8143D5}.Debug|x86.ActiveCfg = Debug|Win32
		{DCDA7669-B15F-43C4-9C77-1679BD8143D5}.Debug|x86.Build.0 = Debug|Win32
		{DCDA7669-B15F-43C4-9C77-1679BD8143D5}.Release|x64.ActiveCfg = Release|x64
		{DCDA7669-B15F-43C4-9C77-1679BD8143D5}.Release|x64.Build.0 = Release|x64
		{DCDA7669-B15F-43C4-9C77-1679BD8143D5}.Release|x86.ActiveCfg = Release|Win32
		{DCDA7669-B15F-43C4-9C77-1679BD8143D5}.Release|x86.Build.0 = Release|Win32
	EndGlobalSection
	GlobalSection(SolutionProperties) = preSolution
		HideSolutionNode = FALSE
	EndGlobalSection
	GlobalSection(ExtensibilityGlobals) = postSolution
		SolutionGuid = {96609777-EEE4-4C4D-B7DF-9FE7D92D4CF7}
	EndGlobalSection
EndGlobal
