
Microsoft Visual Studio Solution File, Format Version 12.00
# Visual Studio Version 17
VisualStudioVersion = 17.4.33403.182
MinimumVisualStudioVersion = 10.0.40219.1
Project("{8BC9CEB8-8B4A-11D0-8D11-00A0C91BC942}") = "Project2_1", "Project2_1\Project2_1.vcxproj", "{2B5B0221-1B9A-4254-A1DF-5514D4168C85}"
EndProject
Global
	GlobalSection(SolutionConfigurationPlatforms) = preSolution
		Debug|x64 = Debug|x64
		Debug|x86 = Debug|x86
		Release|x64 = Release|x64
		Release|x86 = Release|x86
	EndGlobalSection
	GlobalSection(ProjectConfigurationPlatforms) = postSolution
		{2B5B0221-1B9A-4254-A1DF-5514D4168C85}.Debug|x64.ActiveCfg = Debug|x64
		{2B5B0221-1B9A-4254-A1DF-5514D4168C85}.Debug|x64.Build.0 = Debug|x64
		{2B5B0221-1B9A-4254-A1DF-5514D4168C85}.Debug|x86.ActiveCfg = Debug|Win32
		{2B5B0221-1B9A-4254-A1DF-5514D4168C85}.Debug|x86.Build.0 = Debug|Win32
		{2B5B0221-1B9A-4254-A1DF-5514D4168C85}.Release|x64.ActiveCfg = Release|x64
		{2B5B0221-1B9A-4254-A1DF-5514D4168C85}.Release|x64.Build.0 = Release|x64
		{2B5B0221-1B9A-4254-A1DF-5514D4168C85}.Release|x86.ActiveCfg = Release|Win32
		{2B5B0221-1B9A-4254-A1DF-5514D4168C85}.Release|x86.Build.0 = Release|Win32
	EndGlobalSection
	GlobalSection(SolutionProperties) = preSolution
		HideSolutionNode = FALSE
	EndGlobalSection
	GlobalSection(ExtensibilityGlobals) = postSolution
		SolutionGuid = {DE5B7E4F-E509-4B56-B9E7-9BA3520AC7DC}
	EndGlobalSection
EndGlobal
