
Microsoft Visual Studio Solution File, Format Version 12.00
# Visual Studio Version 17
VisualStudioVersion = 17.4.33403.182
MinimumVisualStudioVersion = 10.0.40219.1
Project("{8BC9CEB8-8B4A-11D0-8D11-00A0C91BC942}") = "Project2", "Project2\Project2.vcxproj", "{B68FC86A-ED9F-450F-818A-4604C15EE03B}"
EndProject
Global
	GlobalSection(SolutionConfigurationPlatforms) = preSolution
		Debug|x64 = Debug|x64
		Debug|x86 = Debug|x86
		Release|x64 = Release|x64
		Release|x86 = Release|x86
	EndGlobalSection
	GlobalSection(ProjectConfigurationPlatforms) = postSolution
		{B68FC86A-ED9F-450F-818A-4604C15EE03B}.Debug|x64.ActiveCfg = Debug|x64
		{B68FC86A-ED9F-450F-818A-4604C15EE03B}.Debug|x64.Build.0 = Debug|x64
		{B68FC86A-ED9F-450F-818A-4604C15EE03B}.Debug|x86.ActiveCfg = Debug|Win32
		{B68FC86A-ED9F-450F-818A-4604C15EE03B}.Debug|x86.Build.0 = Debug|Win32
		{B68FC86A-ED9F-450F-818A-4604C15EE03B}.Release|x64.ActiveCfg = Release|x64
		{B68FC86A-ED9F-450F-818A-4604C15EE03B}.Release|x64.Build.0 = Release|x64
		{B68FC86A-ED9F-450F-818A-4604C15EE03B}.Release|x86.ActiveCfg = Release|Win32
		{B68FC86A-ED9F-450F-818A-4604C15EE03B}.Release|x86.Build.0 = Release|Win32
	EndGlobalSection
	GlobalSection(SolutionProperties) = preSolution
		HideSolutionNode = FALSE
	EndGlobalSection
	GlobalSection(ExtensibilityGlobals) = postSolution
		SolutionGuid = {DB43D452-C11E-423D-868A-2F7C30BF23C8}
	EndGlobalSection
EndGlobal
